{
  "pins" : [
    {
      "identity" : "geos",
      "kind" : "remoteSourceControl",
      "location" : "https://github.com/GEOSwift/geos.git",
      "state" : {
        "revision" : "4d8af495e7507f48f1ae9104102debdd2043917b",
        "version" : "9.0.0"
      }
    },
    {
      "identity" : "gpi-dltdoa",
      "kind" : "remoteSourceControl",
      "location" : "https://github.com/Geoplan-Mobile/gpi-dltdoa",
      "state" : {
        "revision" : "34064ce39247255d29d64e2093c3f207e5d96ad9",
        "version" : "2.1.0"
      }
    },
    {
      "identity" : "gpi-logger",
      "kind" : "remoteSourceControl",
      "location" : "https://github.com/Geoplan-Mobile/gpi-logger",
      "state" : {
        "revision" : "e3797d00b11baf3be75de4f82d009a7115c34f11",
        "version" : "1.0.1"
      }
    },
    {
      "identity" : "gpi-prm",
      "kind" : "remoteSourceControl",
      "location" : "https://github.com/Geoplan-Mobile/gpi-prm",
      "state" : {
        "revision" : "2339f4352a1be39e6f898d388b5fd6f29c2b1ce7",
        "version" : "2.0.0"
      }
    }
  ],
  "version" : 2
}
